
Microsoft Visual Studio Solution File, Format Version 12.00
# Visual Studio 14
VisualStudioVersion = 14.0.25123.0
MinimumVisualStudioVersion = 10.0.40219.1
Project("{FAE04EC0-301F-11D3-BF4B-00C04F79EFBC}") = "Client.Droid", "Client\Client.Droid\Client.Droid.csproj", "{249FD30F-B7E5-4585-90CD-F4FA78D7F0AE}"
EndProject
Project("{FAE04EC0-301F-11D3-BF4B-00C04F79EFBC}") = "Client.iOS", "Client\Client.iOS\Client.iOS.csproj", "{92CACD7C-5973-4CBA-9EC3-523F867780E4}"
EndProject
Project("{FAE04EC0-301F-11D3-BF4B-00C04F79EFBC}") = "Client.WinPhone", "Client\Client.WinPhone\Client.WinPhone.csproj", "{12F9EF6F-17EE-40EB-A4F3-75D9B1407E33}"
EndProject
Project("{FAE04EC0-301F-11D3-BF4B-00C04F79EFBC}") = "Client", "Client\Client\Client.csproj", "{2B5AA331-4F3F-4B18-AA81-EBFD7F709325}"
EndProject
Global
	GlobalSection(SolutionConfigurationPlatforms) = preSolution
		Ad-Hoc|Any CPU = Ad-Hoc|Any CPU
		Ad-Hoc|ARM = Ad-Hoc|ARM
		Ad-Hoc|iPhone = Ad-Hoc|iPhone
		Ad-Hoc|iPhoneSimulator = Ad-Hoc|iPhoneSimulator
		Ad-Hoc|x86 = Ad-Hoc|x86
		AppStore|Any CPU = AppStore|Any CPU
		AppStore|ARM = AppStore|ARM
		AppStore|iPhone = AppStore|iPhone
		AppStore|iPhoneSimulator = AppStore|iPhoneSimulator
		AppStore|x86 = AppStore|x86
		Debug|Any CPU = Debug|Any CPU
		Debug|ARM = Debug|ARM
		Debug|iPhone = Debug|iPhone
		Debug|iPhoneSimulator = Debug|iPhoneSimulator
		Debug|x86 = Debug|x86
		Release|Any CPU = Release|Any CPU
		Release|ARM = Release|ARM
		Release|iPhone = Release|iPhone
		Release|iPhoneSimulator = Release|iPhoneSimulator
		Release|x86 = Release|x86
	EndGlobalSection
	GlobalSection(ProjectConfigurationPlatforms) = postSolution
		{249FD30F-B7E5-4585-90CD-F4FA78D7F0AE}.Ad-Hoc|Any CPU.ActiveCfg = Release|Any CPU
		{249FD30F-B7E5-4585-90CD-F4FA78D7F0AE}.Ad-Hoc|Any CPU.Build.0 = Release|Any CPU
		{249FD30F-B7E5-4585-90CD-F4FA78D7F0AE}.Ad-Hoc|Any CPU.Deploy.0 = Release|Any CPU
		{249FD30F-B7E5-4585-90CD-F4FA78D7F0AE}.Ad-Hoc|ARM.ActiveCfg = Release|Any CPU
		{249FD30F-B7E5-4585-90CD-F4FA78D7F0AE}.Ad-Hoc|ARM.Build.0 = Release|Any CPU
		{249FD30F-B7E5-4585-90CD-F4FA78D7F0AE}.Ad-Hoc|ARM.Deploy.0 = Release|Any CPU
		{249FD30F-B7E5-4585-90CD-F4FA78D7F0AE}.Ad-Hoc|iPhone.ActiveCfg = Release|Any CPU
		{249FD30F-B7E5-4585-90CD-F4FA78D7F0AE}.Ad-Hoc|iPhone.Build.0 = Release|Any CPU
		{249FD30F-B7E5-4585-90CD-F4FA78D7F0AE}.Ad-Hoc|iPhone.Deploy.0 = Release|Any CPU
		{249FD30F-B7E5-4585-90CD-F4FA78D7F0AE}.Ad-Hoc|iPhoneSimulator.ActiveCfg = Release|Any CPU
		{249FD30F-B7E5-4585-90CD-F4FA78D7F0AE}.Ad-Hoc|iPhoneSimulator.Build.0 = Release|Any CPU
		{249FD30F-B7E5-4585-90CD-F4FA78D7F0AE}.Ad-Hoc|iPhoneSimulator.Deploy.0 = Release|Any CPU
		{249FD30F-B7E5-4585-90CD-F4FA78D7F0AE}.Ad-Hoc|x86.ActiveCfg = Release|Any CPU
		{249FD30F-B7E5-4585-90CD-F4FA78D7F0AE}.Ad-Hoc|x86.Build.0 = Release|Any CPU
		{249FD30F-B7E5-4585-90CD-F4FA78D7F0AE}.Ad-Hoc|x86.Deploy.0 = Release|Any CPU
		{249FD30F-B7E5-4585-90CD-F4FA78D7F0AE}.AppStore|Any CPU.ActiveCfg = Release|Any CPU
		{249FD30F-B7E5-4585-90CD-F4FA78D7F0AE}.AppStore|Any CPU.Build.0 = Release|Any CPU
		{249FD30F-B7E5-4585-90CD-F4FA78D7F0AE}.AppStore|Any CPU.Deploy.0 = Release|Any CPU
		{249FD30F-B7E5-4585-90CD-F4FA78D7F0AE}.AppStore|ARM.ActiveCfg = Release|Any CPU
		{249FD30F-B7E5-4585-90CD-F4FA78D7F0AE}.AppStore|ARM.Build.0 = Release|Any CPU
		{249FD30F-B7E5-4585-90CD-F4FA78D7F0AE}.AppStore|ARM.Deploy.0 = Release|Any CPU
		{249FD30F-B7E5-4585-90CD-F4FA78D7F0AE}.AppStore|iPhone.ActiveCfg = Release|Any CPU
		{249FD30F-B7E5-4585-90CD-F4FA78D7F0AE}.AppStore|iPhone.Build.0 = Release|Any CPU
		{249FD30F-B7E5-4585-90CD-F4FA78D7F0AE}.AppStore|iPhone.Deploy.0 = Release|Any CPU
		{249FD30F-B7E5-4585-90CD-F4FA78D7F0AE}.AppStore|iPhoneSimulator.ActiveCfg = Release|Any CPU
		{249FD30F-B7E5-4585-90CD-F4FA78D7F0AE}.AppStore|iPhoneSimulator.Build.0 = Release|Any CPU
		{249FD30F-B7E5-4585-90CD-F4FA78D7F0AE}.AppStore|iPhoneSimulator.Deploy.0 = Release|Any CPU
		{249FD30F-B7E5-4585-90CD-F4FA78D7F0AE}.AppStore|x86.ActiveCfg = Release|Any CPU
		{249FD30F-B7E5-4585-90CD-F4FA78D7F0AE}.AppStore|x86.Build.0 = Release|Any CPU
		{249FD30F-B7E5-4585-90CD-F4FA78D7F0AE}.AppStore|x86.Deploy.0 = Release|Any CPU
		{249FD30F-B7E5-4585-90CD-F4FA78D7F0AE}.Debug|Any CPU.ActiveCfg = Debug|Any CPU
		{249FD30F-B7E5-4585-90CD-F4FA78D7F0AE}.Debug|Any CPU.Build.0 = Debug|Any CPU
		{249FD30F-B7E5-4585-90CD-F4FA78D7F0AE}.Debug|Any CPU.Deploy.0 = Debug|Any CPU
		{249FD30F-B7E5-4585-90CD-F4FA78D7F0AE}.Debug|ARM.ActiveCfg = Debug|Any CPU
		{249FD30F-B7E5-4585-90CD-F4FA78D7F0AE}.Debug|ARM.Build.0 = Debug|Any CPU
		{249FD30F-B7E5-4585-90CD-F4FA78D7F0AE}.Debug|ARM.Deploy.0 = Debug|Any CPU
		{249FD30F-B7E5-4585-90CD-F4FA78D7F0AE}.Debug|iPhone.ActiveCfg = Debug|Any CPU
		{249FD30F-B7E5-4585-90CD-F4FA78D7F0AE}.Debug|iPhone.Build.0 = Debug|Any CPU
		{249FD30F-B7E5-4585-90CD-F4FA78D7F0AE}.Debug|iPhone.Deploy.0 = Debug|Any CPU
		{249FD30F-B7E5-4585-90CD-F4FA78D7F0AE}.Debug|iPhoneSimulator.ActiveCfg = Debug|Any CPU
		{249FD30F-B7E5-4585-90CD-F4FA78D7F0AE}.Debug|iPhoneSimulator.Build.0 = Debug|Any CPU
		{249FD30F-B7E5-4585-90CD-F4FA78D7F0AE}.Debug|iPhoneSimulator.Deploy.0 = Debug|Any CPU
		{249FD30F-B7E5-4585-90CD-F4FA78D7F0AE}.Debug|x86.ActiveCfg = Debug|Any CPU
		{249FD30F-B7E5-4585-90CD-F4FA78D7F0AE}.Debug|x86.Build.0 = Debug|Any CPU
		{249FD30F-B7E5-4585-90CD-F4FA78D7F0AE}.Debug|x86.Deploy.0 = Debug|Any CPU
		{249FD30F-B7E5-4585-90CD-F4FA78D7F0AE}.Release|Any CPU.ActiveCfg = Release|Any CPU
		{249FD30F-B7E5-4585-90CD-F4FA78D7F0AE}.Release|Any CPU.Build.0 = Release|Any CPU
		{249FD30F-B7E5-4585-90CD-F4FA78D7F0AE}.Release|Any CPU.Deploy.0 = Release|Any CPU
		{249FD30F-B7E5-4585-90CD-F4FA78D7F0AE}.Release|ARM.ActiveCfg = Release|Any CPU
		{249FD30F-B7E5-4585-90CD-F4FA78D7F0AE}.Release|ARM.Build.0 = Release|Any CPU
		{249FD30F-B7E5-4585-90CD-F4FA78D7F0AE}.Release|ARM.Deploy.0 = Release|Any CPU
		{249FD30F-B7E5-4585-90CD-F4FA78D7F0AE}.Release|iPhone.ActiveCfg = Release|Any CPU
		{249FD30F-B7E5-4585-90CD-F4FA78D7F0AE}.Release|iPhone.Build.0 = Release|Any CPU
		{249FD30F-B7E5-4585-90CD-F4FA78D7F0AE}.Release|iPhone.Deploy.0 = Release|Any CPU
		{249FD30F-B7E5-4585-90CD-F4FA78D7F0AE}.Release|iPhoneSimulator.ActiveCfg = Release|Any CPU
		{249FD30F-B7E5-4585-90CD-F4FA78D7F0AE}.Release|iPhoneSimulator.Build.0 = Release|Any CPU
		{249FD30F-B7E5-4585-90CD-F4FA78D7F0AE}.Release|iPhoneSimulator.Deploy.0 = Release|Any CPU
		{249FD30F-B7E5-4585-90CD-F4FA78D7F0AE}.Release|x86.ActiveCfg = Release|Any CPU
		{249FD30F-B7E5-4585-90CD-F4FA78D7F0AE}.Release|x86.Build.0 = Release|Any CPU
		{249FD30F-B7E5-4585-90CD-F4FA78D7F0AE}.Release|x86.Deploy.0 = Release|Any CPU
		{92CACD7C-5973-4CBA-9EC3-523F867780E4}.Ad-Hoc|Any CPU.ActiveCfg = Ad-Hoc|iPhone
		{92CACD7C-5973-4CBA-9EC3-523F867780E4}.Ad-Hoc|ARM.ActiveCfg = Ad-Hoc|iPhone
		{92CACD7C-5973-4CBA-9EC3-523F867780E4}.Ad-Hoc|iPhone.ActiveCfg = Ad-Hoc|iPhone
		{92CACD7C-5973-4CBA-9EC3-523F867780E4}.Ad-Hoc|iPhone.Build.0 = Ad-Hoc|iPhone
		{92CACD7C-5973-4CBA-9EC3-523F867780E4}.Ad-Hoc|iPhoneSimulator.ActiveCfg = Ad-Hoc|iPhoneSimulator
		{92CACD7C-5973-4CBA-9EC3-523F867780E4}.Ad-Hoc|iPhoneSimulator.Build.0 = Ad-Hoc|iPhoneSimulator
		{92CACD7C-5973-4CBA-9EC3-523F867780E4}.Ad-Hoc|x86.ActiveCfg = Ad-Hoc|iPhone
		{92CACD7C-5973-4CBA-9EC3-523F867780E4}.AppStore|Any CPU.ActiveCfg = AppStore|iPhone
		{92CACD7C-5973-4CBA-9EC3-523F867780E4}.AppStore|ARM.ActiveCfg = AppStore|iPhone
		{92CACD7C-5973-4CBA-9EC3-523F867780E4}.AppStore|iPhone.ActiveCfg = AppStore|iPhone
		{92CACD7C-5973-4CBA-9EC3-523F867780E4}.AppStore|iPhone.Build.0 = AppStore|iPhone
		{92CACD7C-5973-4CBA-9EC3-523F867780E4}.AppStore|iPhoneSimulator.ActiveCfg = AppStore|iPhoneSimulator
		{92CACD7C-5973-4CBA-9EC3-523F867780E4}.AppStore|iPhoneSimulator.Build.0 = AppStore|iPhoneSimulator
		{92CACD7C-5973-4CBA-9EC3-523F867780E4}.AppStore|x86.ActiveCfg = AppStore|iPhone
		{92CACD7C-5973-4CBA-9EC3-523F867780E4}.Debug|Any CPU.ActiveCfg = Debug|iPhone
		{92CACD7C-5973-4CBA-9EC3-523F867780E4}.Debug|ARM.ActiveCfg = Debug|iPhone
		{92CACD7C-5973-4CBA-9EC3-523F867780E4}.Debug|iPhone.ActiveCfg = Debug|iPhone
		{92CACD7C-5973-4CBA-9EC3-523F867780E4}.Debug|iPhone.Build.0 = Debug|iPhone
		{92CACD7C-5973-4CBA-9EC3-523F867780E4}.Debug|iPhoneSimulator.ActiveCfg = Debug|iPhoneSimulator
		{92CACD7C-5973-4CBA-9EC3-523F867780E4}.Debug|iPhoneSimulator.Build.0 = Debug|iPhoneSimulator
		{92CACD7C-5973-4CBA-9EC3-523F867780E4}.Debug|x86.ActiveCfg = Debug|iPhone
		{92CACD7C-5973-4CBA-9EC3-523F867780E4}.Release|Any CPU.ActiveCfg = Release|iPhone
		{92CACD7C-5973-4CBA-9EC3-523F867780E4}.Release|ARM.ActiveCfg = Release|iPhone
		{92CACD7C-5973-4CBA-9EC3-523F867780E4}.Release|iPhone.ActiveCfg = Release|iPhone
		{92CACD7C-5973-4CBA-9EC3-523F867780E4}.Release|iPhone.Build.0 = Release|iPhone
		{92CACD7C-5973-4CBA-9EC3-523F867780E4}.Release|iPhoneSimulator.ActiveCfg = Release|iPhoneSimulator
		{92CACD7C-5973-4CBA-9EC3-523F867780E4}.Release|iPhoneSimulator.Build.0 = Release|iPhoneSimulator
		{92CACD7C-5973-4CBA-9EC3-523F867780E4}.Release|x86.ActiveCfg = Release|iPhone
		{12F9EF6F-17EE-40EB-A4F3-75D9B1407E33}.Ad-Hoc|Any CPU.ActiveCfg = Release|Any CPU
		{12F9EF6F-17EE-40EB-A4F3-75D9B1407E33}.Ad-Hoc|Any CPU.Build.0 = Release|Any CPU
		{12F9EF6F-17EE-40EB-A4F3-75D9B1407E33}.Ad-Hoc|Any CPU.Deploy.0 = Release|Any CPU
		{12F9EF6F-17EE-40EB-A4F3-75D9B1407E33}.Ad-Hoc|ARM.ActiveCfg = Release|ARM
		{12F9EF6F-17EE-40EB-A4F3-75D9B1407E33}.Ad-Hoc|ARM.Build.0 = Release|ARM
		{12F9EF6F-17EE-40EB-A4F3-75D9B1407E33}.Ad-Hoc|ARM.Deploy.0 = Release|ARM
		{12F9EF6F-17EE-40EB-A4F3-75D9B1407E33}.Ad-Hoc|iPhone.ActiveCfg = Release|Any CPU
		{12F9EF6F-17EE-40EB-A4F3-75D9B1407E33}.Ad-Hoc|iPhone.Build.0 = Release|Any CPU
		{12F9EF6F-17EE-40EB-A4F3-75D9B1407E33}.Ad-Hoc|iPhone.Deploy.0 = Release|Any CPU
		{12F9EF6F-17EE-40EB-A4F3-75D9B1407E33}.Ad-Hoc|iPhoneSimulator.ActiveCfg = Release|Any CPU
		{12F9EF6F-17EE-40EB-A4F3-75D9B1407E33}.Ad-Hoc|iPhoneSimulator.Build.0 = Release|Any CPU
		{12F9EF6F-17EE-40EB-A4F3-75D9B1407E33}.Ad-Hoc|iPhoneSimulator.Deploy.0 = Release|Any CPU
		{12F9EF6F-17EE-40EB-A4F3-75D9B1407E33}.Ad-Hoc|x86.ActiveCfg = Release|x86
		{12F9EF6F-17EE-40EB-A4F3-75D9B1407E33}.Ad-Hoc|x86.Build.0 = Release|x86
		{12F9EF6F-17EE-40EB-A4F3-75D9B1407E33}.Ad-Hoc|x86.Deploy.0 = Release|x86
		{12F9EF6F-17EE-40EB-A4F3-75D9B1407E33}.AppStore|Any CPU.ActiveCfg = Release|Any CPU
		{12F9EF6F-17EE-40EB-A4F3-75D9B1407E33}.AppStore|Any CPU.Build.0 = Release|Any CPU
		{12F9EF6F-17EE-40EB-A4F3-75D9B1407E33}.AppStore|Any CPU.Deploy.0 = Release|Any CPU
		{12F9EF6F-17EE-40EB-A4F3-75D9B1407E33}.AppStore|ARM.ActiveCfg = Release|ARM
		{12F9EF6F-17EE-40EB-A4F3-75D9B1407E33}.AppStore|ARM.Build.0 = Release|ARM
		{12F9EF6F-17EE-40EB-A4F3-75D9B1407E33}.AppStore|ARM.Deploy.0 = Release|ARM
		{12F9EF6F-17EE-40EB-A4F3-75D9B1407E33}.AppStore|iPhone.ActiveCfg = Release|Any CPU
		{12F9EF6F-17EE-40EB-A4F3-75D9B1407E33}.AppStore|iPhone.Build.0 = Release|Any CPU
		{12F9EF6F-17EE-40EB-A4F3-75D9B1407E33}.AppStore|iPhone.Deploy.0 = Release|Any CPU
		{12F9EF6F-17EE-40EB-A4F3-75D9B1407E33}.AppStore|iPhoneSimulator.ActiveCfg = Release|Any CPU
		{12F9EF6F-17EE-40EB-A4F3-75D9B1407E33}.AppStore|iPhoneSimulator.Build.0 = Release|Any CPU
		{12F9EF6F-17EE-40EB-A4F3-75D9B1407E33}.AppStore|iPhoneSimulator.Deploy.0 = Release|Any CPU
		{12F9EF6F-17EE-40EB-A4F3-75D9B1407E33}.AppStore|x86.ActiveCfg = Release|x86
		{12F9EF6F-17EE-40EB-A4F3-75D9B1407E33}.AppStore|x86.Build.0 = Release|x86
		{12F9EF6F-17EE-40EB-A4F3-75D9B1407E33}.AppStore|x86.Deploy.0 = Release|x86
		{12F9EF6F-17EE-40EB-A4F3-75D9B1407E33}.Debug|Any CPU.ActiveCfg = Debug|Any CPU
		{12F9EF6F-17EE-40EB-A4F3-75D9B1407E33}.Debug|Any CPU.Build.0 = Debug|Any CPU
		{12F9EF6F-17EE-40EB-A4F3-75D9B1407E33}.Debug|Any CPU.Deploy.0 = Debug|Any CPU
		{12F9EF6F-17EE-40EB-A4F3-75D9B1407E33}.Debug|ARM.ActiveCfg = Debug|ARM
		{12F9EF6F-17EE-40EB-A4F3-75D9B1407E33}.Debug|ARM.Build.0 = Debug|ARM
		{12F9EF6F-17EE-40EB-A4F3-75D9B1407E33}.Debug|ARM.Deploy.0 = Debug|ARM
		{12F9EF6F-17EE-40EB-A4F3-75D9B1407E33}.Debug|iPhone.ActiveCfg = Debug|Any CPU
		{12F9EF6F-17EE-40EB-A4F3-75D9B1407E33}.Debug|iPhone.Build.0 = Debug|Any CPU
		{12F9EF6F-17EE-40EB-A4F3-75D9B1407E33}.Debug|iPhone.Deploy.0 = Debug|Any CPU
		{12F9EF6F-17EE-40EB-A4F3-75D9B1407E33}.Debug|iPhoneSimulator.ActiveCfg = Debug|Any CPU
		{12F9EF6F-17EE-40EB-A4F3-75D9B1407E33}.Debug|iPhoneSimulator.Build.0 = Debug|Any CPU
		{12F9EF6F-17EE-40EB-A4F3-75D9B1407E33}.Debug|iPhoneSimulator.Deploy.0 = Debug|Any CPU
		{12F9EF6F-17EE-40EB-A4F3-75D9B1407E33}.Debug|x86.ActiveCfg = Debug|x86
		{12F9EF6F-17EE-40EB-A4F3-75D9B1407E33}.Debug|x86.Build.0 = Debug|x86
		{12F9EF6F-17EE-40EB-A4F3-75D9B1407E33}.Debug|x86.Deploy.0 = Debug|x86
		{12F9EF6F-17EE-40EB-A4F3-75D9B1407E33}.Release|Any CPU.ActiveCfg = Release|Any CPU
		{12F9EF6F-17EE-40EB-A4F3-75D9B1407E33}.Release|Any CPU.Build.0 = Release|Any CPU
		{12F9EF6F-17EE-40EB-A4F3-75D9B1407E33}.Release|Any CPU.Deploy.0 = Release|Any CPU
		{12F9EF6F-17EE-40EB-A4F3-75D9B1407E33}.Release|ARM.ActiveCfg = Release|ARM
		{12F9EF6F-17EE-40EB-A4F3-75D9B1407E33}.Release|ARM.Build.0 = Release|ARM
		{12F9EF6F-17EE-40EB-A4F3-75D9B1407E33}.Release|ARM.Deploy.0 = Release|ARM
		{12F9EF6F-17EE-40EB-A4F3-75D9B1407E33}.Release|iPhone.ActiveCfg = Release|Any CPU
		{12F9EF6F-17EE-40EB-A4F3-75D9B1407E33}.Release|iPhone.Build.0 = Release|Any CPU
		{12F9EF6F-17EE-40EB-A4F3-75D9B1407E33}.Release|iPhone.Deploy.0 = Release|Any CPU
		{12F9EF6F-17EE-40EB-A4F3-75D9B1407E33}.Release|iPhoneSimulator.ActiveCfg = Release|Any CPU
		{12F9EF6F-17EE-40EB-A4F3-75D9B1407E33}.Release|iPhoneSimulator.Build.0 = Release|Any CPU
		{12F9EF6F-17EE-40EB-A4F3-75D9B1407E33}.Release|iPhoneSimulator.Deploy.0 = Release|Any CPU
		{12F9EF6F-17EE-40EB-A4F3-75D9B1407E33}.Release|x86.ActiveCfg = Release|x86
		{12F9EF6F-17EE-40EB-A4F3-75D9B1407E33}.Release|x86.Build.0 = Release|x86
		{12F9EF6F-17EE-40EB-A4F3-75D9B1407E33}.Release|x86.Deploy.0 = Release|x86
		{2B5AA331-4F3F-4B18-AA81-EBFD7F709325}.Ad-Hoc|Any CPU.ActiveCfg = Release|Any CPU
		{2B5AA331-4F3F-4B18-AA81-EBFD7F709325}.Ad-Hoc|Any CPU.Build.0 = Release|Any CPU
		{2B5AA331-4F3F-4B18-AA81-EBFD7F709325}.Ad-Hoc|ARM.ActiveCfg = Release|Any CPU
		{2B5AA331-4F3F-4B18-AA81-EBFD7F709325}.Ad-Hoc|ARM.Build.0 = Release|Any CPU
		{2B5AA331-4F3F-4B18-AA81-EBFD7F709325}.Ad-Hoc|iPhone.ActiveCfg = Release|Any CPU
		{2B5AA331-4F3F-4B18-AA81-EBFD7F709325}.Ad-Hoc|iPhone.Build.0 = Release|Any CPU
		{2B5AA331-4F3F-4B18-AA81-EBFD7F709325}.Ad-Hoc|iPhoneSimulator.ActiveCfg = Release|Any CPU
		{2B5AA331-4F3F-4B18-AA81-EBFD7F709325}.Ad-Hoc|iPhoneSimulator.Build.0 = Release|Any CPU
		{2B5AA331-4F3F-4B18-AA81-EBFD7F709325}.Ad-Hoc|x86.ActiveCfg = Release|Any CPU
		{2B5AA331-4F3F-4B18-AA81-EBFD7F709325}.Ad-Hoc|x86.Build.0 = Release|Any CPU
		{2B5AA331-4F3F-4B18-AA81-EBFD7F709325}.AppStore|Any CPU.ActiveCfg = Release|Any CPU
		{2B5AA331-4F3F-4B18-AA81-EBFD7F709325}.AppStore|Any CPU.Build.0 = Release|Any CPU
		{2B5AA331-4F3F-4B18-AA81-EBFD7F709325}.AppStore|ARM.ActiveCfg = Release|Any CPU
		{2B5AA331-4F3F-4B18-AA81-EBFD7F709325}.AppStore|ARM.Build.0 = Release|Any CPU
		{2B5AA331-4F3F-4B18-AA81-EBFD7F709325}.AppStore|iPhone.ActiveCfg = Release|Any CPU
		{2B5AA331-4F3F-4B18-AA81-EBFD7F709325}.AppStore|iPhone.Build.0 = Release|Any CPU
		{2B5AA331-4F3F-4B18-AA81-EBFD7F709325}.AppStore|iPhoneSimulator.ActiveCfg = Release|Any CPU
		{2B5AA331-4F3F-4B18-AA81-EBFD7F709325}.AppStore|iPhoneSimulator.Build.0 = Release|Any CPU
		{2B5AA331-4F3F-4B18-AA81-EBFD7F709325}.AppStore|x86.ActiveCfg = Release|Any CPU
		{2B5AA331-4F3F-4B18-AA81-EBFD7F709325}.AppStore|x86.Build.0 = Release|Any CPU
		{2B5AA331-4F3F-4B18-AA81-EBFD7F709325}.Debug|Any CPU.ActiveCfg = Debug|Any CPU
		{2B5AA331-4F3F-4B18-AA81-EBFD7F709325}.Debug|Any CPU.Build.0 = Debug|Any CPU
		{2B5AA331-4F3F-4B18-AA81-EBFD7F709325}.Debug|ARM.ActiveCfg = Debug|Any CPU
		{2B5AA331-4F3F-4B18-AA81-EBFD7F709325}.Debug|ARM.Build.0 = Debug|Any CPU
		{2B5AA331-4F3F-4B18-AA81-EBFD7F709325}.Debug|iPhone.ActiveCfg = Debug|Any CPU
		{2B5AA331-4F3F-4B18-AA81-EBFD7F709325}.Debug|iPhone.Build.0 = Debug|Any CPU
		{2B5AA331-4F3F-4B18-AA81-EBFD7F709325}.Debug|iPhoneSimulator.ActiveCfg = Debug|Any CPU
		{2B5AA331-4F3F-4B18-AA81-EBFD7F709325}.Debug|iPhoneSimulator.Build.0 = Debug|Any CPU
		{2B5AA331-4F3F-4B18-AA81-EBFD7F709325}.Debug|iPhoneSimulator.Deploy.0 = Debug|Any CPU
		{2B5AA331-4F3F-4B18-AA81-EBFD7F709325}.Debug|x86.ActiveCfg = Debug|Any CPU
		{2B5AA331-4F3F-4B18-AA81-EBFD7F709325}.Debug|x86.Build.0 = Debug|Any CPU
		{2B5AA331-4F3F-4B18-AA81-EBFD7F709325}.Release|Any CPU.ActiveCfg = Release|Any CPU
		{2B5AA331-4F3F-4B18-AA81-EBFD7F709325}.Release|Any CPU.Build.0 = Release|Any CPU
		{2B5AA331-4F3F-4B18-AA81-EBFD7F709325}.Release|ARM.ActiveCfg = Release|Any CPU
		{2B5AA331-4F3F-4B18-AA81-EBFD7F709325}.Release|ARM.Build.0 = Release|Any CPU
		{2B5AA331-4F3F-4B18-AA81-EBFD7F709325}.Release|iPhone.ActiveCfg = Release|Any CPU
		{2B5AA331-4F3F-4B18-AA81-EBFD7F709325}.Release|iPhone.Build.0 = Release|Any CPU
		{2B5AA331-4F3F-4B18-AA81-EBFD7F709325}.Release|iPhoneSimulator.ActiveCfg = Release|Any CPU
		{2B5AA331-4F3F-4B18-AA81-EBFD7F709325}.Release|iPhoneSimulator.Build.0 = Release|Any CPU
		{2B5AA331-4F3F-4B18-AA81-EBFD7F709325}.Release|x86.ActiveCfg = Release|Any CPU
		{2B5AA331-4F3F-4B18-AA81-EBFD7F709325}.Release|x86.Build.0 = Release|Any CPU
	EndGlobalSection
	GlobalSection(SolutionProperties) = preSolution
		HideSolutionNode = FALSE
	EndGlobalSection
EndGlobal
